
Microsoft Visual Studio Solution File, Format Version 12.00
# Visual Studio Version 17
VisualStudioVersion = 17.9.34728.123
MinimumVisualStudioVersion = 10.0.40219.1
Project("{9A19103F-16F7-4668-BE54-9A1E7A4F7556}") = "Realtor.Contracts", "Realtor.Contracts\Realtor.Contracts.csproj", "{7CD7FAB8-D1FC-4654-AE6B-01AAA8099368}"
EndProject
Project("{9A19103F-16F7-4668-BE54-9A1E7A4F7556}") = "Realtor.Application", "Realtor.Application\Realtor.Application.csproj", "{A2209E73-6C69-40A9-BFA2-2D10D1EC44F5}"
EndProject
Project("{9A19103F-16F7-4668-BE54-9A1E7A4F7556}") = "Realtor.Domain", "Realtor.Domain\Realtor.Domain.csproj", "{4CBF6B98-D28C-4115-AB8C-97876D64242F}"
EndProject
Project("{9A19103F-16F7-4668-BE54-9A1E7A4F7556}") = "Realtor.Infrastructure", "Realtor.Infrastructure\Realtor.Infrastructure.csproj", "{34CA7CBE-2C4A-4F79-B04F-3A62C196284F}"
EndProject
Project("{9A19103F-16F7-4668-BE54-9A1E7A4F7556}") = "Realtor.API", "Realtor.API\Realtor.API.csproj", "{DAFCED16-B7A9-4EB9-B4DF-084F6C873013}"
EndProject
Global
	GlobalSection(SolutionConfigurationPlatforms) = preSolution
		Debug|Any CPU = Debug|Any CPU
		Release|Any CPU = Release|Any CPU
	EndGlobalSection
	GlobalSection(ProjectConfigurationPlatforms) = postSolution
		{7CD7FAB8-D1FC-4654-AE6B-01AAA8099368}.Debug|Any CPU.ActiveCfg = Debug|Any CPU
		{7CD7FAB8-D1FC-4654-AE6B-01AAA8099368}.Debug|Any CPU.Build.0 = Debug|Any CPU
		{7CD7FAB8-D1FC-4654-AE6B-01AAA8099368}.Release|Any CPU.ActiveCfg = Release|Any CPU
		{7CD7FAB8-D1FC-4654-AE6B-01AAA8099368}.Release|Any CPU.Build.0 = Release|Any CPU
		{A2209E73-6C69-40A9-BFA2-2D10D1EC44F5}.Debug|Any CPU.ActiveCfg = Debug|Any CPU
		{A2209E73-6C69-40A9-BFA2-2D10D1EC44F5}.Debug|Any CPU.Build.0 = Debug|Any CPU
		{A2209E73-6C69-40A9-BFA2-2D10D1EC44F5}.Release|Any CPU.ActiveCfg = Release|Any CPU
		{A2209E73-6C69-40A9-BFA2-2D10D1EC44F5}.Release|Any CPU.Build.0 = Release|Any CPU
		{4CBF6B98-D28C-4115-AB8C-97876D64242F}.Debug|Any CPU.ActiveCfg = Debug|Any CPU
		{4CBF6B98-D28C-4115-AB8C-97876D64242F}.Debug|Any CPU.Build.0 = Debug|Any CPU
		{4CBF6B98-D28C-4115-AB8C-97876D64242F}.Release|Any CPU.ActiveCfg = Release|Any CPU
		{4CBF6B98-D28C-4115-AB8C-97876D64242F}.Release|Any CPU.Build.0 = Release|Any CPU
		{34CA7CBE-2C4A-4F79-B04F-3A62C196284F}.Debug|Any CPU.ActiveCfg = Debug|Any CPU
		{34CA7CBE-2C4A-4F79-B04F-3A62C196284F}.Debug|Any CPU.Build.0 = Debug|Any CPU
		{34CA7CBE-2C4A-4F79-B04F-3A62C196284F}.Release|Any CPU.ActiveCfg = Release|Any CPU
		{34CA7CBE-2C4A-4F79-B04F-3A62C196284F}.Release|Any CPU.Build.0 = Release|Any CPU
		{DAFCED16-B7A9-4EB9-B4DF-084F6C873013}.Debug|Any CPU.ActiveCfg = Debug|Any CPU
		{DAFCED16-B7A9-4EB9-B4DF-084F6C873013}.Debug|Any CPU.Build.0 = Debug|Any CPU
		{DAFCED16-B7A9-4EB9-B4DF-084F6C873013}.Release|Any CPU.ActiveCfg = Release|Any CPU
		{DAFCED16-B7A9-4EB9-B4DF-084F6C873013}.Release|Any CPU.Build.0 = Release|Any CPU
	EndGlobalSection
	GlobalSection(SolutionProperties) = preSolution
		HideSolutionNode = FALSE
	EndGlobalSection
	GlobalSection(ExtensibilityGlobals) = postSolution
		SolutionGuid = {C523E0B5-9A35-4B82-8E1C-0E6F37409205}
	EndGlobalSection
EndGlobal
